
Microsoft Visual Studio Solution File, Format Version 12.00
# Visual Studio 2013
VisualStudioVersion = 12.0.40629.0
MinimumVisualStudioVersion = 10.0.40219.1
Project("{FAE04EC0-301F-11D3-BF4B-00C04F79EFBC}") = "SegmentsApplication", "SegmentsApplication\SegmentsApplication.csproj", "{EAD79A0C-6D22-4E35-9581-CF4DF7F82735}"
EndProject
Project("{FAE04EC0-301F-11D3-BF4B-00C04F79EFBC}") = "SegmentsControls", "SegmentsControls\SegmentsControls.csproj", "{88608B25-CA7C-43D5-987C-C735529455D9}"
EndProject
Global
	GlobalSection(SolutionConfigurationPlatforms) = preSolution
		Debug|Any CPU = Debug|Any CPU
		Release|Any CPU = Release|Any CPU
	EndGlobalSection
	GlobalSection(ProjectConfigurationPlatforms) = postSolution
		{EAD79A0C-6D22-4E35-9581-CF4DF7F82735}.Debug|Any CPU.ActiveCfg = Debug|Any CPU
		{EAD79A0C-6D22-4E35-9581-CF4DF7F82735}.Debug|Any CPU.Build.0 = Debug|Any CPU
		{EAD79A0C-6D22-4E35-9581-CF4DF7F82735}.Release|Any CPU.ActiveCfg = Release|Any CPU
		{EAD79A0C-6D22-4E35-9581-CF4DF7F82735}.Release|Any CPU.Build.0 = Release|Any CPU
		{88608B25-CA7C-43D5-987C-C735529455D9}.Debug|Any CPU.ActiveCfg = Debug|Any CPU
		{88608B25-CA7C-43D5-987C-C735529455D9}.Debug|Any CPU.Build.0 = Debug|Any CPU
		{88608B25-CA7C-43D5-987C-C735529455D9}.Release|Any CPU.ActiveCfg = Release|Any CPU
		{88608B25-CA7C-43D5-987C-C735529455D9}.Release|Any CPU.Build.0 = Release|Any CPU
	EndGlobalSection
	GlobalSection(SolutionProperties) = preSolution
		HideSolutionNode = FALSE
	EndGlobalSection
EndGlobal
